
Microsoft Visual Studio Solution File, Format Version 12.00
# Visual Studio Version 16
VisualStudioVersion = 16.0.31205.134
MinimumVisualStudioVersion = 10.0.40219.1
Project("{E24C65DC-7377-472B-9ABA-BC803B73C61A}") = "Project", "Project\", "{DE50F7CE-A144-426D-B6B6-F500703E3325}"
	ProjectSection(WebsiteProperties) = preProject
		TargetFrameworkMoniker = ".NETFramework,Version%3Dv4.7.2"
		ProjectReferences = ""
		Debug.AspNetCompiler.VirtualPath = "/localhost_49707"
		Debug.AspNetCompiler.PhysicalPath = "Project\"
		Debug.AspNetCompiler.TargetPath = "PrecompiledWeb\localhost_49707\"
		Debug.AspNetCompiler.Updateable = "true"
		Debug.AspNetCompiler.ForceOverwrite = "true"
		Debug.AspNetCompiler.FixedNames = "false"
		Debug.AspNetCompiler.Debug = "True"
		Release.AspNetCompiler.VirtualPath = "/localhost_49707"
		Release.AspNetCompiler.PhysicalPath = "Project\"
		Release.AspNetCompiler.TargetPath = "PrecompiledWeb\localhost_49707\"
		Release.AspNetCompiler.Updateable = "true"
		Release.AspNetCompiler.ForceOverwrite = "true"
		Release.AspNetCompiler.FixedNames = "false"
		Release.AspNetCompiler.Debug = "False"
		VWDPort = "49707"
		SlnRelativePath = "Project\"
	EndProjectSection
EndProject
Global
	GlobalSection(SolutionConfigurationPlatforms) = preSolution
		Debug|Any CPU = Debug|Any CPU
		Release|Any CPU = Release|Any CPU

	EndGlobalSection
	GlobalSection(ProjectConfigurationPlatforms) = postSolution
		{DE50F7CE-A144-426D-B6B6-F500703E3325}.Debug|Any CPU.ActiveCfg = Debug|Any CPU
		{DE50F7CE-A144-426D-B6B6-F500703E3325}.Debug|Any CPU.Build.0 = Debug|Any CPU
		{DE50F7CE-A144-426D-B6B6-F500703E3325}.Release|Any CPU.ActiveCfg = Release|Any CPU
		{DE50F7CE-A144-426D-B6B6-F500703E3325}.Release|Any CPU.Build.0 = Release|Any CPU
	EndGlobalSection
	GlobalSection(SolutionProperties) = preSolution
		HideSolutionNode = FALSE
	EndGlobalSection
	GlobalSection(ExtensibilityGlobals) = postSolution
		SolutionGuid = {CAF47B35-DBF5-4D6C-AA7A-2A99F586E932}
	EndGlobalSection
EndGlobal
